
Microsoft Visual Studio Solution File, Format Version 12.00
# Visual Studio 15
VisualStudioVersion = 15.0.27004.2008
MinimumVisualStudioVersion = 10.0.40219.1
Project("{8BC9CEB8-8B4A-11D0-8D11-00A0C91BC942}") = "HW5_1", "HW5_1\HW5_1.vcxproj", "{8E7D80C2-4968-4E6B-8A4F-DAFD7DDE53E5}"
EndProject
Project("{8BC9CEB8-8B4A-11D0-8D11-00A0C91BC942}") = "HW5_10", "HW5_10\HW5_10.vcxproj", "{7D0C2E55-F86C-47F2-A7F8-DB392C6FD1A5}"
EndProject
Project("{8BC9CEB8-8B4A-11D0-8D11-00A0C91BC942}") = "HW5_9", "HW5_9\HW5_9.vcxproj", "{65AECE9E-8918-42FC-9A19-C978B71343BB}"
EndProject
Project("{8BC9CEB8-8B4A-11D0-8D11-00A0C91BC942}") = "Lab7_1", "Lab7_1\Lab7_1.vcxproj", "{8366528F-C341-44E4-B1E5-6B339622B05A}"
EndProject
Project("{8BC9CEB8-8B4A-11D0-8D11-00A0C91BC942}") = "Lab7_2", "Lab7_2\Lab7_2.vcxproj", "{C5DD8356-57B1-4FC8-B742-083CF50ADD42}"
EndProject
Project("{8BC9CEB8-8B4A-11D0-8D11-00A0C91BC942}") = "Lab7_3", "Lab7_3\Lab7_3.vcxproj", "{7D61CCFC-6BDC-4A19-BDDD-AF45C70F8F6B}"
EndProject
Project("{8BC9CEB8-8B4A-11D0-8D11-00A0C91BC942}") = "LiYevgeniya_Classwork_5_1", "LiYevgeniya_Classwork_5_1\LiYevgeniya_Classwork_5_1.vcxproj", "{C6E94280-2BBD-48F7-8303-6BF136FCB73F}"
EndProject
Project("{8BC9CEB8-8B4A-11D0-8D11-00A0C91BC942}") = "LiYevgeniya_Classwork_5_2", "LiYevgeniya_Classwork_5_2\LiYevgeniya_Classwork_5_2.vcxproj", "{CF225405-CF74-4755-B32D-09CF25FDE312}"
EndProject
Project("{8BC9CEB8-8B4A-11D0-8D11-00A0C91BC942}") = "HW_5_8", "HW_5_8\HW_5_8.vcxproj", "{D210A4F9-BCE1-4524-AB3B-9BD5E0F8ECE5}"
EndProject
Global
	GlobalSection(SolutionConfigurationPlatforms) = preSolution
		Debug|x64 = Debug|x64
		Debug|x86 = Debug|x86
		Release|x64 = Release|x64
		Release|x86 = Release|x86
	EndGlobalSection
	GlobalSection(ProjectConfigurationPlatforms) = postSolution
		{8E7D80C2-4968-4E6B-8A4F-DAFD7DDE53E5}.Debug|x64.ActiveCfg = Debug|x64
		{8E7D80C2-4968-4E6B-8A4F-DAFD7DDE53E5}.Debug|x64.Build.0 = Debug|x64
		{8E7D80C2-4968-4E6B-8A4F-DAFD7DDE53E5}.Debug|x86.ActiveCfg = Debug|Win32
		{8E7D80C2-4968-4E6B-8A4F-DAFD7DDE53E5}.Debug|x86.Build.0 = Debug|Win32
		{8E7D80C2-4968-4E6B-8A4F-DAFD7DDE53E5}.Release|x64.ActiveCfg = Release|x64
		{8E7D80C2-4968-4E6B-8A4F-DAFD7DDE53E5}.Release|x64.Build.0 = Release|x64
		{8E7D80C2-4968-4E6B-8A4F-DAFD7DDE53E5}.Release|x86.ActiveCfg = Release|Win32
		{8E7D80C2-4968-4E6B-8A4F-DAFD7DDE53E5}.Release|x86.Build.0 = Release|Win32
		{7D0C2E55-F86C-47F2-A7F8-DB392C6FD1A5}.Debug|x64.ActiveCfg = Debug|x64
		{7D0C2E55-F86C-47F2-A7F8-DB392C6FD1A5}.Debug|x64.Build.0 = Debug|x64
		{7D0C2E55-F86C-47F2-A7F8-DB392C6FD1A5}.Debug|x86.ActiveCfg = Debug|Win32
		{7D0C2E55-F86C-47F2-A7F8-DB392C6FD1A5}.Debug|x86.Build.0 = Debug|Win32
		{7D0C2E55-F86C-47F2-A7F8-DB392C6FD1A5}.Release|x64.ActiveCfg = Release|x64
		{7D0C2E55-F86C-47F2-A7F8-DB392C6FD1A5}.Release|x64.Build.0 = Release|x64
		{7D0C2E55-F86C-47F2-A7F8-DB392C6FD1A5}.Release|x86.ActiveCfg = Release|Win32
		{7D0C2E55-F86C-47F2-A7F8-DB392C6FD1A5}.Release|x86.Build.0 = Release|Win32
		{65AECE9E-8918-42FC-9A19-C978B71343BB}.Debug|x64.ActiveCfg = Debug|x64
		{65AECE9E-8918-42FC-9A19-C978B71343BB}.Debug|x64.Build.0 = Debug|x64
		{65AECE9E-8918-42FC-9A19-C978B71343BB}.Debug|x86.ActiveCfg = Debug|Win32
		{65AECE9E-8918-42FC-9A19-C978B71343BB}.Debug|x86.Build.0 = Debug|Win32
		{65AECE9E-8918-42FC-9A19-C978B71343BB}.Release|x64.ActiveCfg = Release|x64
		{65AECE9E-8918-42FC-9A19-C978B71343BB}.Release|x64.Build.0 = Release|x64
		{65AECE9E-8918-42FC-9A19-C978B71343BB}.Release|x86.ActiveCfg = Release|Win32
		{65AECE9E-8918-42FC-9A19-C978B71343BB}.Release|x86.Build.0 = Release|Win32
		{8366528F-C341-44E4-B1E5-6B339622B05A}.Debug|x64.ActiveCfg = Debug|x64
		{8366528F-C341-44E4-B1E5-6B339622B05A}.Debug|x64.Build.0 = Debug|x64
		{8366528F-C341-44E4-B1E5-6B339622B05A}.Debug|x86.ActiveCfg = Debug|Win32
		{8366528F-C341-44E4-B1E5-6B339622B05A}.Debug|x86.Build.0 = Debug|Win32
		{8366528F-C341-44E4-B1E5-6B339622B05A}.Release|x64.ActiveCfg = Release|x64
		{8366528F-C341-44E4-B1E5-6B339622B05A}.Release|x64.Build.0 = Release|x64
		{8366528F-C341-44E4-B1E5-6B339622B05A}.Release|x86.ActiveCfg = Release|Win32
		{8366528F-C341-44E4-B1E5-6B339622B05A}.Release|x86.Build.0 = Release|Win32
		{C5DD8356-57B1-4FC8-B742-083CF50ADD42}.Debug|x64.ActiveCfg = Debug|x64
		{C5DD8356-57B1-4FC8-B742-083CF50ADD42}.Debug|x64.Build.0 = Debug|x64
		{C5DD8356-57B1-4FC8-B742-083CF50ADD42}.Debug|x86.ActiveCfg = Debug|Win32
		{C5DD8356-57B1-4FC8-B742-083CF50ADD42}.Debug|x86.Build.0 = Debug|Win32
		{C5DD8356-57B1-4FC8-B742-083CF50ADD42}.Release|x64.ActiveCfg = Release|x64
		{C5DD8356-57B1-4FC8-B742-083CF50ADD42}.Release|x64.Build.0 = Release|x64
		{C5DD8356-57B1-4FC8-B742-083CF50ADD42}.Release|x86.ActiveCfg = Release|Win32
		{C5DD8356-57B1-4FC8-B742-083CF50ADD42}.Release|x86.Build.0 = Release|Win32
		{7D61CCFC-6BDC-4A19-BDDD-AF45C70F8F6B}.Debug|x64.ActiveCfg = Debug|x64
		{7D61CCFC-6BDC-4A19-BDDD-AF45C70F8F6B}.Debug|x64.Build.0 = Debug|x64
		{7D61CCFC-6BDC-4A19-BDDD-AF45C70F8F6B}.Debug|x86.ActiveCfg = Debug|Win32
		{7D61CCFC-6BDC-4A19-BDDD-AF45C70F8F6B}.Debug|x86.Build.0 = Debug|Win32
		{7D61CCFC-6BDC-4A19-BDDD-AF45C70F8F6B}.Release|x64.ActiveCfg = Release|x64
		{7D61CCFC-6BDC-4A19-BDDD-AF45C70F8F6B}.Release|x64.Build.0 = Release|x64
		{7D61CCFC-6BDC-4A19-BDDD-AF45C70F8F6B}.Release|x86.ActiveCfg = Release|Win32
		{7D61CCFC-6BDC-4A19-BDDD-AF45C70F8F6B}.Release|x86.Build.0 = Release|Win32
		{C6E94280-2BBD-48F7-8303-6BF136FCB73F}.Debug|x64.ActiveCfg = Debug|x64
		{C6E94280-2BBD-48F7-8303-6BF136FCB73F}.Debug|x64.Build.0 = Debug|x64
		{C6E94280-2BBD-48F7-8303-6BF136FCB73F}.Debug|x86.ActiveCfg = Debug|Win32
		{C6E94280-2BBD-48F7-8303-6BF136FCB73F}.Debug|x86.Build.0 = Debug|Win32
		{C6E94280-2BBD-48F7-8303-6BF136FCB73F}.Release|x64.ActiveCfg = Release|x64
		{C6E94280-2BBD-48F7-8303-6BF136FCB73F}.Release|x64.Build.0 = Release|x64
		{C6E94280-2BBD-48F7-8303-6BF136FCB73F}.Release|x86.ActiveCfg = Release|Win32
		{C6E94280-2BBD-48F7-8303-6BF136FCB73F}.Release|x86.Build.0 = Release|Win32
		{CF225405-CF74-4755-B32D-09CF25FDE312}.Debug|x64.ActiveCfg = Debug|x64
		{CF225405-CF74-4755-B32D-09CF25FDE312}.Debug|x64.Build.0 = Debug|x64
		{CF225405-CF74-4755-B32D-09CF25FDE312}.Debug|x86.ActiveCfg = Debug|Win32
		{CF225405-CF74-4755-B32D-09CF25FDE312}.Debug|x86.Build.0 = Debug|Win32
		{CF225405-CF74-4755-B32D-09CF25FDE312}.Release|x64.ActiveCfg = Release|x64
		{CF225405-CF74-4755-B32D-09CF25FDE312}.Release|x64.Build.0 = Release|x64
		{CF225405-CF74-4755-B32D-09CF25FDE312}.Release|x86.ActiveCfg = Release|Win32
		{CF225405-CF74-4755-B32D-09CF25FDE312}.Release|x86.Build.0 = Release|Win32
		{D210A4F9-BCE1-4524-AB3B-9BD5E0F8ECE5}.Debug|x64.ActiveCfg = Debug|x64
		{D210A4F9-BCE1-4524-AB3B-9BD5E0F8ECE5}.Debug|x64.Build.0 = Debug|x64
		{D210A4F9-BCE1-4524-AB3B-9BD5E0F8ECE5}.Debug|x86.ActiveCfg = Debug|Win32
		{D210A4F9-BCE1-4524-AB3B-9BD5E0F8ECE5}.Debug|x86.Build.0 = Debug|Win32
		{D210A4F9-BCE1-4524-AB3B-9BD5E0F8ECE5}.Release|x64.ActiveCfg = Release|x64
		{D210A4F9-BCE1-4524-AB3B-9BD5E0F8ECE5}.Release|x64.Build.0 = Release|x64
		{D210A4F9-BCE1-4524-AB3B-9BD5E0F8ECE5}.Release|x86.ActiveCfg = Release|Win32
		{D210A4F9-BCE1-4524-AB3B-9BD5E0F8ECE5}.Release|x86.Build.0 = Release|Win32
	EndGlobalSection
	GlobalSection(SolutionProperties) = preSolution
		HideSolutionNode = FALSE
	EndGlobalSection
	GlobalSection(ExtensibilityGlobals) = postSolution
		SolutionGuid = {32445C4F-122E-4158-9866-46242E9CB4C5}
	EndGlobalSection
EndGlobal
