
Microsoft Visual Studio Solution File, Format Version 12.00
# Visual Studio 15
VisualStudioVersion = 15.0.27004.2008
MinimumVisualStudioVersion = 10.0.40219.1
Project("{8BC9CEB8-8B4A-11D0-8D11-00A0C91BC942}") = "Homework", "Homework\Homework.vcxproj", "{DBB761FB-1EF3-4CC4-9BC4-4E16480DCC27}"
EndProject
Project("{8BC9CEB8-8B4A-11D0-8D11-00A0C91BC942}") = "Task15", "Task15\Task15.vcxproj", "{00649BA6-86B5-4118-A6DE-77498C398D28}"
EndProject
Project("{8BC9CEB8-8B4A-11D0-8D11-00A0C91BC942}") = "Task14", "Task14\Task14.vcxproj", "{B9EA8A68-7A5C-418D-BAE4-F40C3C883D46}"
EndProject
Project("{8BC9CEB8-8B4A-11D0-8D11-00A0C91BC942}") = "Task13", "Task13\Task13.vcxproj", "{592A0836-030F-473B-9369-4C180F43CB70}"
EndProject
Project("{8BC9CEB8-8B4A-11D0-8D11-00A0C91BC942}") = "Task12", "Task12\Task12.vcxproj", "{A7FA15AA-589E-45CB-8817-D753C38B83C7}"
EndProject
Project("{8BC9CEB8-8B4A-11D0-8D11-00A0C91BC942}") = "Task10", "Task10\Task10.vcxproj", "{F0EBBF2D-3677-43A3-AFB0-A721B73F815E}"
EndProject
Project("{8BC9CEB8-8B4A-11D0-8D11-00A0C91BC942}") = "Task11", "Task11\Task11.vcxproj", "{624551A4-42D7-4706-9A42-BD56FE4D9BBD}"
EndProject
Project("{8BC9CEB8-8B4A-11D0-8D11-00A0C91BC942}") = "Task9", "Task9\Task9.vcxproj", "{5831841F-588C-47E2-9EAA-0651CFD617CC}"
EndProject
Project("{8BC9CEB8-8B4A-11D0-8D11-00A0C91BC942}") = "Task8", "Task8\Task8.vcxproj", "{A48249D7-A93A-44DC-9A16-C51AD2C3AE9E}"
EndProject
Project("{8BC9CEB8-8B4A-11D0-8D11-00A0C91BC942}") = "Task7", "Task7\Task7.vcxproj", "{69A4EF39-4A13-4119-9039-644103E35446}"
EndProject
Project("{8BC9CEB8-8B4A-11D0-8D11-00A0C91BC942}") = "Task6", "Task6\Task6.vcxproj", "{F4E25B71-F818-4973-BA61-0A2D25FA9F56}"
EndProject
Project("{8BC9CEB8-8B4A-11D0-8D11-00A0C91BC942}") = "Task5", "Task5\Task5.vcxproj", "{C4E02465-2A60-4B7B-BEE1-A01117323D85}"
EndProject
Project("{8BC9CEB8-8B4A-11D0-8D11-00A0C91BC942}") = "Task4", "Task4\Task4.vcxproj", "{9508132F-4F15-4D95-9445-D69F88F4D33D}"
EndProject
Project("{8BC9CEB8-8B4A-11D0-8D11-00A0C91BC942}") = "Task3", "Task3\Task3.vcxproj", "{B197457A-6093-4BA4-BF3F-8E256A8E54F0}"
EndProject
Project("{8BC9CEB8-8B4A-11D0-8D11-00A0C91BC942}") = "Task2", "Task2\Task2.vcxproj", "{790DE4A2-16B6-4A52-9624-8E10887FC907}"
EndProject
Project("{8BC9CEB8-8B4A-11D0-8D11-00A0C91BC942}") = "Task1", "Task1\Task1.vcxproj", "{7789FC49-EE08-4DB3-8A77-872D0D53B543}"
EndProject
Global
	GlobalSection(SolutionConfigurationPlatforms) = preSolution
		Debug|x64 = Debug|x64
		Debug|x86 = Debug|x86
		Release|x64 = Release|x64
		Release|x86 = Release|x86
	EndGlobalSection
	GlobalSection(ProjectConfigurationPlatforms) = postSolution
		{DBB761FB-1EF3-4CC4-9BC4-4E16480DCC27}.Debug|x64.ActiveCfg = Debug|x64
		{DBB761FB-1EF3-4CC4-9BC4-4E16480DCC27}.Debug|x64.Build.0 = Debug|x64
		{DBB761FB-1EF3-4CC4-9BC4-4E16480DCC27}.Debug|x86.ActiveCfg = Debug|Win32
		{DBB761FB-1EF3-4CC4-9BC4-4E16480DCC27}.Debug|x86.Build.0 = Debug|Win32
		{DBB761FB-1EF3-4CC4-9BC4-4E16480DCC27}.Release|x64.ActiveCfg = Release|x64
		{DBB761FB-1EF3-4CC4-9BC4-4E16480DCC27}.Release|x64.Build.0 = Release|x64
		{DBB761FB-1EF3-4CC4-9BC4-4E16480DCC27}.Release|x86.ActiveCfg = Release|Win32
		{DBB761FB-1EF3-4CC4-9BC4-4E16480DCC27}.Release|x86.Build.0 = Release|Win32
		{00649BA6-86B5-4118-A6DE-77498C398D28}.Debug|x64.ActiveCfg = Debug|x64
		{00649BA6-86B5-4118-A6DE-77498C398D28}.Debug|x64.Build.0 = Debug|x64
		{00649BA6-86B5-4118-A6DE-77498C398D28}.Debug|x86.ActiveCfg = Debug|Win32
		{00649BA6-86B5-4118-A6DE-77498C398D28}.Debug|x86.Build.0 = Debug|Win32
		{00649BA6-86B5-4118-A6DE-77498C398D28}.Release|x64.ActiveCfg = Release|x64
		{00649BA6-86B5-4118-A6DE-77498C398D28}.Release|x64.Build.0 = Release|x64
		{00649BA6-86B5-4118-A6DE-77498C398D28}.Release|x86.ActiveCfg = Release|Win32
		{00649BA6-86B5-4118-A6DE-77498C398D28}.Release|x86.Build.0 = Release|Win32
		{B9EA8A68-7A5C-418D-BAE4-F40C3C883D46}.Debug|x64.ActiveCfg = Debug|x64
		{B9EA8A68-7A5C-418D-BAE4-F40C3C883D46}.Debug|x64.Build.0 = Debug|x64
		{B9EA8A68-7A5C-418D-BAE4-F40C3C883D46}.Debug|x86.ActiveCfg = Debug|Win32
		{B9EA8A68-7A5C-418D-BAE4-F40C3C883D46}.Debug|x86.Build.0 = Debug|Win32
		{B9EA8A68-7A5C-418D-BAE4-F40C3C883D46}.Release|x64.ActiveCfg = Release|x64
		{B9EA8A68-7A5C-418D-BAE4-F40C3C883D46}.Release|x64.Build.0 = Release|x64
		{B9EA8A68-7A5C-418D-BAE4-F40C3C883D46}.Release|x86.ActiveCfg = Release|Win32
		{B9EA8A68-7A5C-418D-BAE4-F40C3C883D46}.Release|x86.Build.0 = Release|Win32
		{592A0836-030F-473B-9369-4C180F43CB70}.Debug|x64.ActiveCfg = Debug|x64
		{592A0836-030F-473B-9369-4C180F43CB70}.Debug|x64.Build.0 = Debug|x64
		{592A0836-030F-473B-9369-4C180F43CB70}.Debug|x86.ActiveCfg = Debug|Win32
		{592A0836-030F-473B-9369-4C180F43CB70}.Debug|x86.Build.0 = Debug|Win32
		{592A0836-030F-473B-9369-4C180F43CB70}.Release|x64.ActiveCfg = Release|x64
		{592A0836-030F-473B-9369-4C180F43CB70}.Release|x64.Build.0 = Release|x64
		{592A0836-030F-473B-9369-4C180F43CB70}.Release|x86.ActiveCfg = Release|Win32
		{592A0836-030F-473B-9369-4C180F43CB70}.Release|x86.Build.0 = Release|Win32
		{A7FA15AA-589E-45CB-8817-D753C38B83C7}.Debug|x64.ActiveCfg = Debug|x64
		{A7FA15AA-589E-45CB-8817-D753C38B83C7}.Debug|x64.Build.0 = Debug|x64
		{A7FA15AA-589E-45CB-8817-D753C38B83C7}.Debug|x86.ActiveCfg = Debug|Win32
		{A7FA15AA-589E-45CB-8817-D753C38B83C7}.Debug|x86.Build.0 = Debug|Win32
		{A7FA15AA-589E-45CB-8817-D753C38B83C7}.Release|x64.ActiveCfg = Release|x64
		{A7FA15AA-589E-45CB-8817-D753C38B83C7}.Release|x64.Build.0 = Release|x64
		{A7FA15AA-589E-45CB-8817-D753C38B83C7}.Release|x86.ActiveCfg = Release|Win32
		{A7FA15AA-589E-45CB-8817-D753C38B83C7}.Release|x86.Build.0 = Release|Win32
		{F0EBBF2D-3677-43A3-AFB0-A721B73F815E}.Debug|x64.ActiveCfg = Debug|x64
		{F0EBBF2D-3677-43A3-AFB0-A721B73F815E}.Debug|x64.Build.0 = Debug|x64
		{F0EBBF2D-3677-43A3-AFB0-A721B73F815E}.Debug|x86.ActiveCfg = Debug|Win32
		{F0EBBF2D-3677-43A3-AFB0-A721B73F815E}.Debug|x86.Build.0 = Debug|Win32
		{F0EBBF2D-3677-43A3-AFB0-A721B73F815E}.Release|x64.ActiveCfg = Release|x64
		{F0EBBF2D-3677-43A3-AFB0-A721B73F815E}.Release|x64.Build.0 = Release|x64
		{F0EBBF2D-3677-43A3-AFB0-A721B73F815E}.Release|x86.ActiveCfg = Release|Win32
		{F0EBBF2D-3677-43A3-AFB0-A721B73F815E}.Release|x86.Build.0 = Release|Win32
		{624551A4-42D7-4706-9A42-BD56FE4D9BBD}.Debug|x64.ActiveCfg = Debug|x64
		{624551A4-42D7-4706-9A42-BD56FE4D9BBD}.Debug|x64.Build.0 = Debug|x64
		{624551A4-42D7-4706-9A42-BD56FE4D9BBD}.Debug|x86.ActiveCfg = Debug|Win32
		{624551A4-42D7-4706-9A42-BD56FE4D9BBD}.Debug|x86.Build.0 = Debug|Win32
		{624551A4-42D7-4706-9A42-BD56FE4D9BBD}.Release|x64.ActiveCfg = Release|x64
		{624551A4-42D7-4706-9A42-BD56FE4D9BBD}.Release|x64.Build.0 = Release|x64
		{624551A4-42D7-4706-9A42-BD56FE4D9BBD}.Release|x86.ActiveCfg = Release|Win32
		{624551A4-42D7-4706-9A42-BD56FE4D9BBD}.Release|x86.Build.0 = Release|Win32
		{5831841F-588C-47E2-9EAA-0651CFD617CC}.Debug|x64.ActiveCfg = Debug|x64
		{5831841F-588C-47E2-9EAA-0651CFD617CC}.Debug|x64.Build.0 = Debug|x64
		{5831841F-588C-47E2-9EAA-0651CFD617CC}.Debug|x86.ActiveCfg = Debug|Win32
		{5831841F-588C-47E2-9EAA-0651CFD617CC}.Debug|x86.Build.0 = Debug|Win32
		{5831841F-588C-47E2-9EAA-0651CFD617CC}.Release|x64.ActiveCfg = Release|x64
		{5831841F-588C-47E2-9EAA-0651CFD617CC}.Release|x64.Build.0 = Release|x64
		{5831841F-588C-47E2-9EAA-0651CFD617CC}.Release|x86.ActiveCfg = Release|Win32
		{5831841F-588C-47E2-9EAA-0651CFD617CC}.Release|x86.Build.0 = Release|Win32
		{A48249D7-A93A-44DC-9A16-C51AD2C3AE9E}.Debug|x64.ActiveCfg = Debug|x64
		{A48249D7-A93A-44DC-9A16-C51AD2C3AE9E}.Debug|x64.Build.0 = Debug|x64
		{A48249D7-A93A-44DC-9A16-C51AD2C3AE9E}.Debug|x86.ActiveCfg = Debug|Win32
		{A48249D7-A93A-44DC-9A16-C51AD2C3AE9E}.Debug|x86.Build.0 = Debug|Win32
		{A48249D7-A93A-44DC-9A16-C51AD2C3AE9E}.Release|x64.ActiveCfg = Release|x64
		{A48249D7-A93A-44DC-9A16-C51AD2C3AE9E}.Release|x64.Build.0 = Release|x64
		{A48249D7-A93A-44DC-9A16-C51AD2C3AE9E}.Release|x86.ActiveCfg = Release|Win32
		{A48249D7-A93A-44DC-9A16-C51AD2C3AE9E}.Release|x86.Build.0 = Release|Win32
		{69A4EF39-4A13-4119-9039-644103E35446}.Debug|x64.ActiveCfg = Debug|x64
		{69A4EF39-4A13-4119-9039-644103E35446}.Debug|x64.Build.0 = Debug|x64
		{69A4EF39-4A13-4119-9039-644103E35446}.Debug|x86.ActiveCfg = Debug|Win32
		{69A4EF39-4A13-4119-9039-644103E35446}.Debug|x86.Build.0 = Debug|Win32
		{69A4EF39-4A13-4119-9039-644103E35446}.Release|x64.ActiveCfg = Release|x64
		{69A4EF39-4A13-4119-9039-644103E35446}.Release|x64.Build.0 = Release|x64
		{69A4EF39-4A13-4119-9039-644103E35446}.Release|x86.ActiveCfg = Release|Win32
		{69A4EF39-4A13-4119-9039-644103E35446}.Release|x86.Build.0 = Release|Win32
		{F4E25B71-F818-4973-BA61-0A2D25FA9F56}.Debug|x64.ActiveCfg = Debug|x64
		{F4E25B71-F818-4973-BA61-0A2D25FA9F56}.Debug|x64.Build.0 = Debug|x64
		{F4E25B71-F818-4973-BA61-0A2D25FA9F56}.Debug|x86.ActiveCfg = Debug|Win32
		{F4E25B71-F818-4973-BA61-0A2D25FA9F56}.Debug|x86.Build.0 = Debug|Win32
		{F4E25B71-F818-4973-BA61-0A2D25FA9F56}.Release|x64.ActiveCfg = Release|x64
		{F4E25B71-F818-4973-BA61-0A2D25FA9F56}.Release|x64.Build.0 = Release|x64
		{F4E25B71-F818-4973-BA61-0A2D25FA9F56}.Release|x86.ActiveCfg = Release|Win32
		{F4E25B71-F818-4973-BA61-0A2D25FA9F56}.Release|x86.Build.0 = Release|Win32
		{C4E02465-2A60-4B7B-BEE1-A01117323D85}.Debug|x64.ActiveCfg = Debug|x64
		{C4E02465-2A60-4B7B-BEE1-A01117323D85}.Debug|x64.Build.0 = Debug|x64
		{C4E02465-2A60-4B7B-BEE1-A01117323D85}.Debug|x86.ActiveCfg = Debug|Win32
		{C4E02465-2A60-4B7B-BEE1-A01117323D85}.Debug|x86.Build.0 = Debug|Win32
		{C4E02465-2A60-4B7B-BEE1-A01117323D85}.Release|x64.ActiveCfg = Release|x64
		{C4E02465-2A60-4B7B-BEE1-A01117323D85}.Release|x64.Build.0 = Release|x64
		{C4E02465-2A60-4B7B-BEE1-A01117323D85}.Release|x86.ActiveCfg = Release|Win32
		{C4E02465-2A60-4B7B-BEE1-A01117323D85}.Release|x86.Build.0 = Release|Win32
		{9508132F-4F15-4D95-9445-D69F88F4D33D}.Debug|x64.ActiveCfg = Debug|x64
		{9508132F-4F15-4D95-9445-D69F88F4D33D}.Debug|x64.Build.0 = Debug|x64
		{9508132F-4F15-4D95-9445-D69F88F4D33D}.Debug|x86.ActiveCfg = Debug|Win32
		{9508132F-4F15-4D95-9445-D69F88F4D33D}.Debug|x86.Build.0 = Debug|Win32
		{9508132F-4F15-4D95-9445-D69F88F4D33D}.Release|x64.ActiveCfg = Release|x64
		{9508132F-4F15-4D95-9445-D69F88F4D33D}.Release|x64.Build.0 = Release|x64
		{9508132F-4F15-4D95-9445-D69F88F4D33D}.Release|x86.ActiveCfg = Release|Win32
		{9508132F-4F15-4D95-9445-D69F88F4D33D}.Release|x86.Build.0 = Release|Win32
		{B197457A-6093-4BA4-BF3F-8E256A8E54F0}.Debug|x64.ActiveCfg = Debug|x64
		{B197457A-6093-4BA4-BF3F-8E256A8E54F0}.Debug|x64.Build.0 = Debug|x64
		{B197457A-6093-4BA4-BF3F-8E256A8E54F0}.Debug|x86.ActiveCfg = Debug|Win32
		{B197457A-6093-4BA4-BF3F-8E256A8E54F0}.Debug|x86.Build.0 = Debug|Win32
		{B197457A-6093-4BA4-BF3F-8E256A8E54F0}.Release|x64.ActiveCfg = Release|x64
		{B197457A-6093-4BA4-BF3F-8E256A8E54F0}.Release|x64.Build.0 = Release|x64
		{B197457A-6093-4BA4-BF3F-8E256A8E54F0}.Release|x86.ActiveCfg = Release|Win32
		{B197457A-6093-4BA4-BF3F-8E256A8E54F0}.Release|x86.Build.0 = Release|Win32
		{790DE4A2-16B6-4A52-9624-8E10887FC907}.Debug|x64.ActiveCfg = Debug|x64
		{790DE4A2-16B6-4A52-9624-8E10887FC907}.Debug|x64.Build.0 = Debug|x64
		{790DE4A2-16B6-4A52-9624-8E10887FC907}.Debug|x86.ActiveCfg = Debug|Win32
		{790DE4A2-16B6-4A52-9624-8E10887FC907}.Debug|x86.Build.0 = Debug|Win32
		{790DE4A2-16B6-4A52-9624-8E10887FC907}.Release|x64.ActiveCfg = Release|x64
		{790DE4A2-16B6-4A52-9624-8E10887FC907}.Release|x64.Build.0 = Release|x64
		{790DE4A2-16B6-4A52-9624-8E10887FC907}.Release|x86.ActiveCfg = Release|Win32
		{790DE4A2-16B6-4A52-9624-8E10887FC907}.Release|x86.Build.0 = Release|Win32
		{7789FC49-EE08-4DB3-8A77-872D0D53B543}.Debug|x64.ActiveCfg = Debug|x64
		{7789FC49-EE08-4DB3-8A77-872D0D53B543}.Debug|x64.Build.0 = Debug|x64
		{7789FC49-EE08-4DB3-8A77-872D0D53B543}.Debug|x86.ActiveCfg = Debug|Win32
		{7789FC49-EE08-4DB3-8A77-872D0D53B543}.Debug|x86.Build.0 = Debug|Win32
		{7789FC49-EE08-4DB3-8A77-872D0D53B543}.Release|x64.ActiveCfg = Release|x64
		{7789FC49-EE08-4DB3-8A77-872D0D53B543}.Release|x64.Build.0 = Release|x64
		{7789FC49-EE08-4DB3-8A77-872D0D53B543}.Release|x86.ActiveCfg = Release|Win32
		{7789FC49-EE08-4DB3-8A77-872D0D53B543}.Release|x86.Build.0 = Release|Win32
	EndGlobalSection
	GlobalSection(SolutionProperties) = preSolution
		HideSolutionNode = FALSE
	EndGlobalSection
	GlobalSection(ExtensibilityGlobals) = postSolution
		SolutionGuid = {5F473CE8-9A8D-44B3-B508-788A52D85593}
	EndGlobalSection
EndGlobal
