
Microsoft Visual Studio Solution File, Format Version 12.00
# Visual Studio 15
VisualStudioVersion = 15.0.27004.2008
MinimumVisualStudioVersion = 10.0.40219.1
Project("{8BC9CEB8-8B4A-11D0-8D11-00A0C91BC942}") = "Lab8", "Lab8\Lab8.vcxproj", "{FC7CCF22-790F-4B67-9BD5-0DC0A8A71AE2}"
EndProject
Project("{8BC9CEB8-8B4A-11D0-8D11-00A0C91BC942}") = "Lab8_1", "Lab8_1\Lab8_1.vcxproj", "{564B5A48-1CA7-44C9-BA88-1DA7A906D1C9}"
EndProject
Project("{8BC9CEB8-8B4A-11D0-8D11-00A0C91BC942}") = "Lab8_2", "Lab8_2\Lab8_2.vcxproj", "{71283169-4927-4BC2-8648-DC85243FB1C0}"
EndProject
Project("{8BC9CEB8-8B4A-11D0-8D11-00A0C91BC942}") = "Lab8_8", "Lab8_8\Lab8_8.vcxproj", "{9E68A2C8-1A67-4661-908C-0A667E3FCA66}"
EndProject
Project("{8BC9CEB8-8B4A-11D0-8D11-00A0C91BC942}") = "Lab_8_0", "Lab_8_0\Lab_8_0.vcxproj", "{FA3AF6D2-C147-4812-9A51-F5275A61472A}"
EndProject
Project("{8BC9CEB8-8B4A-11D0-8D11-00A0C91BC942}") = "Lab8_Class", "Lab8_Class\Lab8_Class.vcxproj", "{621F5972-937E-4E78-BFCE-911AD515414C}"
EndProject
Project("{8BC9CEB8-8B4A-11D0-8D11-00A0C91BC942}") = "Lab8_Multiplication", "Lab8_Multiplication\Lab8_Multiplication.vcxproj", "{C65C7E63-F244-4F63-88FA-D34718BD8D89}"
EndProject
Project("{8BC9CEB8-8B4A-11D0-8D11-00A0C91BC942}") = "Lab8_7", "Lab8_7\Lab8_7.vcxproj", "{A51157F9-B51C-49BB-A23B-E876E4AD8DED}"
EndProject
Project("{8BC9CEB8-8B4A-11D0-8D11-00A0C91BC942}") = "Lab8_4", "Lab8_4\Lab8_4.vcxproj", "{60AC0199-05A1-4AB0-BBE8-67B46D585334}"
EndProject
Global
	GlobalSection(SolutionConfigurationPlatforms) = preSolution
		Debug|x64 = Debug|x64
		Debug|x86 = Debug|x86
		Release|x64 = Release|x64
		Release|x86 = Release|x86
	EndGlobalSection
	GlobalSection(ProjectConfigurationPlatforms) = postSolution
		{FC7CCF22-790F-4B67-9BD5-0DC0A8A71AE2}.Debug|x64.ActiveCfg = Debug|x64
		{FC7CCF22-790F-4B67-9BD5-0DC0A8A71AE2}.Debug|x64.Build.0 = Debug|x64
		{FC7CCF22-790F-4B67-9BD5-0DC0A8A71AE2}.Debug|x86.ActiveCfg = Debug|Win32
		{FC7CCF22-790F-4B67-9BD5-0DC0A8A71AE2}.Debug|x86.Build.0 = Debug|Win32
		{FC7CCF22-790F-4B67-9BD5-0DC0A8A71AE2}.Release|x64.ActiveCfg = Release|x64
		{FC7CCF22-790F-4B67-9BD5-0DC0A8A71AE2}.Release|x64.Build.0 = Release|x64
		{FC7CCF22-790F-4B67-9BD5-0DC0A8A71AE2}.Release|x86.ActiveCfg = Release|Win32
		{FC7CCF22-790F-4B67-9BD5-0DC0A8A71AE2}.Release|x86.Build.0 = Release|Win32
		{564B5A48-1CA7-44C9-BA88-1DA7A906D1C9}.Debug|x64.ActiveCfg = Debug|x64
		{564B5A48-1CA7-44C9-BA88-1DA7A906D1C9}.Debug|x64.Build.0 = Debug|x64
		{564B5A48-1CA7-44C9-BA88-1DA7A906D1C9}.Debug|x86.ActiveCfg = Debug|Win32
		{564B5A48-1CA7-44C9-BA88-1DA7A906D1C9}.Debug|x86.Build.0 = Debug|Win32
		{564B5A48-1CA7-44C9-BA88-1DA7A906D1C9}.Release|x64.ActiveCfg = Release|x64
		{564B5A48-1CA7-44C9-BA88-1DA7A906D1C9}.Release|x64.Build.0 = Release|x64
		{564B5A48-1CA7-44C9-BA88-1DA7A906D1C9}.Release|x86.ActiveCfg = Release|Win32
		{564B5A48-1CA7-44C9-BA88-1DA7A906D1C9}.Release|x86.Build.0 = Release|Win32
		{71283169-4927-4BC2-8648-DC85243FB1C0}.Debug|x64.ActiveCfg = Debug|x64
		{71283169-4927-4BC2-8648-DC85243FB1C0}.Debug|x64.Build.0 = Debug|x64
		{71283169-4927-4BC2-8648-DC85243FB1C0}.Debug|x86.ActiveCfg = Debug|Win32
		{71283169-4927-4BC2-8648-DC85243FB1C0}.Debug|x86.Build.0 = Debug|Win32
		{71283169-4927-4BC2-8648-DC85243FB1C0}.Release|x64.ActiveCfg = Release|x64
		{71283169-4927-4BC2-8648-DC85243FB1C0}.Release|x64.Build.0 = Release|x64
		{71283169-4927-4BC2-8648-DC85243FB1C0}.Release|x86.ActiveCfg = Release|Win32
		{71283169-4927-4BC2-8648-DC85243FB1C0}.Release|x86.Build.0 = Release|Win32
		{9E68A2C8-1A67-4661-908C-0A667E3FCA66}.Debug|x64.ActiveCfg = Debug|x64
		{9E68A2C8-1A67-4661-908C-0A667E3FCA66}.Debug|x64.Build.0 = Debug|x64
		{9E68A2C8-1A67-4661-908C-0A667E3FCA66}.Debug|x86.ActiveCfg = Debug|Win32
		{9E68A2C8-1A67-4661-908C-0A667E3FCA66}.Debug|x86.Build.0 = Debug|Win32
		{9E68A2C8-1A67-4661-908C-0A667E3FCA66}.Release|x64.ActiveCfg = Release|x64
		{9E68A2C8-1A67-4661-908C-0A667E3FCA66}.Release|x64.Build.0 = Release|x64
		{9E68A2C8-1A67-4661-908C-0A667E3FCA66}.Release|x86.ActiveCfg = Release|Win32
		{9E68A2C8-1A67-4661-908C-0A667E3FCA66}.Release|x86.Build.0 = Release|Win32
		{FA3AF6D2-C147-4812-9A51-F5275A61472A}.Debug|x64.ActiveCfg = Debug|x64
		{FA3AF6D2-C147-4812-9A51-F5275A61472A}.Debug|x64.Build.0 = Debug|x64
		{FA3AF6D2-C147-4812-9A51-F5275A61472A}.Debug|x86.ActiveCfg = Debug|Win32
		{FA3AF6D2-C147-4812-9A51-F5275A61472A}.Debug|x86.Build.0 = Debug|Win32
		{FA3AF6D2-C147-4812-9A51-F5275A61472A}.Release|x64.ActiveCfg = Release|x64
		{FA3AF6D2-C147-4812-9A51-F5275A61472A}.Release|x64.Build.0 = Release|x64
		{FA3AF6D2-C147-4812-9A51-F5275A61472A}.Release|x86.ActiveCfg = Release|Win32
		{FA3AF6D2-C147-4812-9A51-F5275A61472A}.Release|x86.Build.0 = Release|Win32
		{621F5972-937E-4E78-BFCE-911AD515414C}.Debug|x64.ActiveCfg = Debug|x64
		{621F5972-937E-4E78-BFCE-911AD515414C}.Debug|x64.Build.0 = Debug|x64
		{621F5972-937E-4E78-BFCE-911AD515414C}.Debug|x86.ActiveCfg = Debug|Win32
		{621F5972-937E-4E78-BFCE-911AD515414C}.Debug|x86.Build.0 = Debug|Win32
		{621F5972-937E-4E78-BFCE-911AD515414C}.Release|x64.ActiveCfg = Release|x64
		{621F5972-937E-4E78-BFCE-911AD515414C}.Release|x64.Build.0 = Release|x64
		{621F5972-937E-4E78-BFCE-911AD515414C}.Release|x86.ActiveCfg = Release|Win32
		{621F5972-937E-4E78-BFCE-911AD515414C}.Release|x86.Build.0 = Release|Win32
		{C65C7E63-F244-4F63-88FA-D34718BD8D89}.Debug|x64.ActiveCfg = Debug|x64
		{C65C7E63-F244-4F63-88FA-D34718BD8D89}.Debug|x64.Build.0 = Debug|x64
		{C65C7E63-F244-4F63-88FA-D34718BD8D89}.Debug|x86.ActiveCfg = Debug|Win32
		{C65C7E63-F244-4F63-88FA-D34718BD8D89}.Debug|x86.Build.0 = Debug|Win32
		{C65C7E63-F244-4F63-88FA-D34718BD8D89}.Release|x64.ActiveCfg = Release|x64
		{C65C7E63-F244-4F63-88FA-D34718BD8D89}.Release|x64.Build.0 = Release|x64
		{C65C7E63-F244-4F63-88FA-D34718BD8D89}.Release|x86.ActiveCfg = Release|Win32
		{C65C7E63-F244-4F63-88FA-D34718BD8D89}.Release|x86.Build.0 = Release|Win32
		{A51157F9-B51C-49BB-A23B-E876E4AD8DED}.Debug|x64.ActiveCfg = Debug|x64
		{A51157F9-B51C-49BB-A23B-E876E4AD8DED}.Debug|x64.Build.0 = Debug|x64
		{A51157F9-B51C-49BB-A23B-E876E4AD8DED}.Debug|x86.ActiveCfg = Debug|Win32
		{A51157F9-B51C-49BB-A23B-E876E4AD8DED}.Debug|x86.Build.0 = Debug|Win32
		{A51157F9-B51C-49BB-A23B-E876E4AD8DED}.Release|x64.ActiveCfg = Release|x64
		{A51157F9-B51C-49BB-A23B-E876E4AD8DED}.Release|x64.Build.0 = Release|x64
		{A51157F9-B51C-49BB-A23B-E876E4AD8DED}.Release|x86.ActiveCfg = Release|Win32
		{A51157F9-B51C-49BB-A23B-E876E4AD8DED}.Release|x86.Build.0 = Release|Win32
		{60AC0199-05A1-4AB0-BBE8-67B46D585334}.Debug|x64.ActiveCfg = Debug|x64
		{60AC0199-05A1-4AB0-BBE8-67B46D585334}.Debug|x64.Build.0 = Debug|x64
		{60AC0199-05A1-4AB0-BBE8-67B46D585334}.Debug|x86.ActiveCfg = Debug|Win32
		{60AC0199-05A1-4AB0-BBE8-67B46D585334}.Debug|x86.Build.0 = Debug|Win32
		{60AC0199-05A1-4AB0-BBE8-67B46D585334}.Release|x64.ActiveCfg = Release|x64
		{60AC0199-05A1-4AB0-BBE8-67B46D585334}.Release|x64.Build.0 = Release|x64
		{60AC0199-05A1-4AB0-BBE8-67B46D585334}.Release|x86.ActiveCfg = Release|Win32
		{60AC0199-05A1-4AB0-BBE8-67B46D585334}.Release|x86.Build.0 = Release|Win32
	EndGlobalSection
	GlobalSection(SolutionProperties) = preSolution
		HideSolutionNode = FALSE
	EndGlobalSection
	GlobalSection(ExtensibilityGlobals) = postSolution
		SolutionGuid = {0A82FF91-1791-4B2D-9CC7-C6D1FB8C0A6D}
	EndGlobalSection
EndGlobal
